
Microsoft Visual Studio Solution File, Format Version 11.00
# Visual Studio 2010
# SharpDevelop 4.0.0.7070
Project("{FAE04EC0-301F-11D3-BF4B-00C04F79EFBC}") = "IritSimulation", "IritSimulation.csproj", "{0513E105-FCC3-4B1C-9FD1-08AFB7813BFD}"
EndProject
Global
	GlobalSection(SolutionConfigurationPlatforms) = preSolution
		Debug|Any CPU = Debug|Any CPU
		Release|Any CPU = Release|Any CPU
		Debug|BPC = Debug|BPC
		Release|BPC = Release|BPC
		Debug|x86 = Debug|x86
		Release|x86 = Release|x86
	EndGlobalSection
	GlobalSection(ProjectConfigurationPlatforms) = postSolution
		{0513E105-FCC3-4B1C-9FD1-08AFB7813BFD}.Debug|Any CPU.Build.0 = Debug|Any CPU
		{0513E105-FCC3-4B1C-9FD1-08AFB7813BFD}.Debug|Any CPU.ActiveCfg = Debug|Any CPU
		{0513E105-FCC3-4B1C-9FD1-08AFB7813BFD}.Release|Any CPU.Build.0 = Release|Any CPU
		{0513E105-FCC3-4B1C-9FD1-08AFB7813BFD}.Release|Any CPU.ActiveCfg = Release|Any CPU
	EndGlobalSection
EndGlobal
